
Microsoft Visual Studio Solution File, Format Version 12.00
# Visual Studio Version 17
VisualStudioVersion = 17.5.002.0
MinimumVisualStudioVersion = 10.0.40219.1
Project("{9A19103F-16F7-4668-BE54-9A1E7A4F7556}") = "RabbitMQWatermark.UI", "RabbitMQWatermark.UI\RabbitMQWatermark.UI.csproj", "{48C9BAA6-0A72-4917-BE30-1E1801AB93AE}"
EndProject
Global
	GlobalSection(SolutionConfigurationPlatforms) = preSolution
		Debug|Any CPU = Debug|Any CPU
		Release|Any CPU = Release|Any CPU
	EndGlobalSection
	GlobalSection(ProjectConfigurationPlatforms) = postSolution
		{48C9BAA6-0A72-4917-BE30-1E1801AB93AE}.Debug|Any CPU.ActiveCfg = Debug|Any CPU
		{48C9BAA6-0A72-4917-BE30-1E1801AB93AE}.Debug|Any CPU.Build.0 = Debug|Any CPU
		{48C9BAA6-0A72-4917-BE30-1E1801AB93AE}.Release|Any CPU.ActiveCfg = Release|Any CPU
		{48C9BAA6-0A72-4917-BE30-1E1801AB93AE}.Release|Any CPU.Build.0 = Release|Any CPU
	EndGlobalSection
	GlobalSection(SolutionProperties) = preSolution
		HideSolutionNode = FALSE
	EndGlobalSection
	GlobalSection(ExtensibilityGlobals) = postSolution
		SolutionGuid = {5041507B-3331-4584-A534-25D47186FF88}
	EndGlobalSection
EndGlobal
